
Microsoft Visual Studio Solution File, Format Version 12.00
# Visual Studio 14
VisualStudioVersion = 14.0.25123.0
MinimumVisualStudioVersion = 10.0.40219.1
Project("{FAE04EC0-301F-11D3-BF4B-00C04F79EFBC}") = "KBPMagazinHack", "KBPMagazinHack\KBPMagazinHack.csproj", "{000F1D07-6A53-4E3B-8C67-E1BA2BD4C304}"
EndProject
Global
	GlobalSection(SolutionConfigurationPlatforms) = preSolution
		Debug|Any CPU = Debug|Any CPU
		Release|Any CPU = Release|Any CPU
	EndGlobalSection
	GlobalSection(ProjectConfigurationPlatforms) = postSolution
		{000F1D07-6A53-4E3B-8C67-E1BA2BD4C304}.Debug|Any CPU.ActiveCfg = Debug|Any CPU
		{000F1D07-6A53-4E3B-8C67-E1BA2BD4C304}.Debug|Any CPU.Build.0 = Debug|Any CPU
		{000F1D07-6A53-4E3B-8C67-E1BA2BD4C304}.Release|Any CPU.ActiveCfg = Release|Any CPU
		{000F1D07-6A53-4E3B-8C67-E1BA2BD4C304}.Release|Any CPU.Build.0 = Release|Any CPU
	EndGlobalSection
	GlobalSection(SolutionProperties) = preSolution
		HideSolutionNode = FALSE
	EndGlobalSection
EndGlobal
