
Microsoft Visual Studio Solution File, Format Version 12.00
# Visual Studio 14
VisualStudioVersion = 14.0.23107.0
MinimumVisualStudioVersion = 10.0.40219.1
Project("{FAE04EC0-301F-11D3-BF4B-00C04F79EFBC}") = "Floid", "Floid\Floid.csproj", "{BED4C731-EF81-4D0B-A1E8-3BFE661A2DCB}"
EndProject
Global
	GlobalSection(SolutionConfigurationPlatforms) = preSolution
		Debug|Any CPU = Debug|Any CPU
		Release|Any CPU = Release|Any CPU
	EndGlobalSection
	GlobalSection(ProjectConfigurationPlatforms) = postSolution
		{BED4C731-EF81-4D0B-A1E8-3BFE661A2DCB}.Debug|Any CPU.ActiveCfg = Debug|Any CPU
		{BED4C731-EF81-4D0B-A1E8-3BFE661A2DCB}.Debug|Any CPU.Build.0 = Debug|Any CPU
		{BED4C731-EF81-4D0B-A1E8-3BFE661A2DCB}.Release|Any CPU.ActiveCfg = Release|Any CPU
		{BED4C731-EF81-4D0B-A1E8-3BFE661A2DCB}.Release|Any CPU.Build.0 = Release|Any CPU
	EndGlobalSection
	GlobalSection(SolutionProperties) = preSolution
		HideSolutionNode = FALSE
	EndGlobalSection
EndGlobal
